
Microsoft Visual Studio Solution File, Format Version 12.00
# Visual Studio 15
VisualStudioVersion = 15.0.27703.2000
MinimumVisualStudioVersion = 10.0.40219.1
Project("{FAE04EC0-301F-11D3-BF4B-00C04F79EFBC}") = "Contactz.Common", "Contactz.Common\Contactz.Common.csproj", "{F90D7004-4D5D-4385-9FF3-97E699DD4952}"
EndProject
Project("{FAE04EC0-301F-11D3-BF4B-00C04F79EFBC}") = "Contactz.Data", "Contactz.Data\Contactz.Data.csproj", "{E2DC7139-ECF2-4256-82D8-26EDFFEB72D6}"
EndProject
Project("{9A19103F-16F7-4668-BE54-9A1E7A4F7556}") = "Contactz.TestCLI", "Contactz.TestCLI\Contactz.TestCLI.csproj", "{0FA73FE0-6156-4FA5-BF53-74F2D24399C7}"
EndProject
Project("{FAE04EC0-301F-11D3-BF4B-00C04F79EFBC}") = "Contactz.API", "Contactz.API\Contactz.API.csproj", "{3F5A9524-9B21-4A29-AB89-CBBA04148009}"
EndProject
Global
	GlobalSection(SolutionConfigurationPlatforms) = preSolution
		Debug|Android = Debug|Android
		Debug|Any CPU = Debug|Any CPU
		Debug|iOS = Debug|iOS
		Debug|Windows-AnyCPU = Debug|Windows-AnyCPU
		Debug|Windows-ARM = Debug|Windows-ARM
		Debug|Windows-x64 = Debug|Windows-x64
		Debug|Windows-x86 = Debug|Windows-x86
		Release|Android = Release|Android
		Release|Any CPU = Release|Any CPU
		Release|iOS = Release|iOS
		Release|Windows-AnyCPU = Release|Windows-AnyCPU
		Release|Windows-ARM = Release|Windows-ARM
		Release|Windows-x64 = Release|Windows-x64
		Release|Windows-x86 = Release|Windows-x86
	EndGlobalSection
	GlobalSection(ProjectConfigurationPlatforms) = postSolution
		{F90D7004-4D5D-4385-9FF3-97E699DD4952}.Debug|Android.ActiveCfg = Debug|Any CPU
		{F90D7004-4D5D-4385-9FF3-97E699DD4952}.Debug|Android.Build.0 = Debug|Any CPU
		{F90D7004-4D5D-4385-9FF3-97E699DD4952}.Debug|Any CPU.ActiveCfg = Debug|Any CPU
		{F90D7004-4D5D-4385-9FF3-97E699DD4952}.Debug|Any CPU.Build.0 = Debug|Any CPU
		{F90D7004-4D5D-4385-9FF3-97E699DD4952}.Debug|iOS.ActiveCfg = Debug|Any CPU
		{F90D7004-4D5D-4385-9FF3-97E699DD4952}.Debug|iOS.Build.0 = Debug|Any CPU
		{F90D7004-4D5D-4385-9FF3-97E699DD4952}.Debug|Windows-AnyCPU.ActiveCfg = Debug|Any CPU
		{F90D7004-4D5D-4385-9FF3-97E699DD4952}.Debug|Windows-AnyCPU.Build.0 = Debug|Any CPU
		{F90D7004-4D5D-4385-9FF3-97E699DD4952}.Debug|Windows-ARM.ActiveCfg = Debug|Any CPU
		{F90D7004-4D5D-4385-9FF3-97E699DD4952}.Debug|Windows-ARM.Build.0 = Debug|Any CPU
		{F90D7004-4D5D-4385-9FF3-97E699DD4952}.Debug|Windows-x64.ActiveCfg = Debug|Any CPU
		{F90D7004-4D5D-4385-9FF3-97E699DD4952}.Debug|Windows-x64.Build.0 = Debug|Any CPU
		{F90D7004-4D5D-4385-9FF3-97E699DD4952}.Debug|Windows-x86.ActiveCfg = Debug|Any CPU
		{F90D7004-4D5D-4385-9FF3-97E699DD4952}.Debug|Windows-x86.Build.0 = Debug|Any CPU
		{F90D7004-4D5D-4385-9FF3-97E699DD4952}.Release|Android.ActiveCfg = Release|Any CPU
		{F90D7004-4D5D-4385-9FF3-97E699DD4952}.Release|Android.Build.0 = Release|Any CPU
		{F90D7004-4D5D-4385-9FF3-97E699DD4952}.Release|Any CPU.ActiveCfg = Release|Any CPU
		{F90D7004-4D5D-4385-9FF3-97E699DD4952}.Release|Any CPU.Build.0 = Release|Any CPU
		{F90D7004-4D5D-4385-9FF3-97E699DD4952}.Release|iOS.ActiveCfg = Release|Any CPU
		{F90D7004-4D5D-4385-9FF3-97E699DD4952}.Release|iOS.Build.0 = Release|Any CPU
		{F90D7004-4D5D-4385-9FF3-97E699DD4952}.Release|Windows-AnyCPU.ActiveCfg = Release|Any CPU
		{F90D7004-4D5D-4385-9FF3-97E699DD4952}.Release|Windows-AnyCPU.Build.0 = Release|Any CPU
		{F90D7004-4D5D-4385-9FF3-97E699DD4952}.Release|Windows-ARM.ActiveCfg = Release|Any CPU
		{F90D7004-4D5D-4385-9FF3-97E699DD4952}.Release|Windows-ARM.Build.0 = Release|Any CPU
		{F90D7004-4D5D-4385-9FF3-97E699DD4952}.Release|Windows-x64.ActiveCfg = Release|Any CPU
		{F90D7004-4D5D-4385-9FF3-97E699DD4952}.Release|Windows-x64.Build.0 = Release|Any CPU
		{F90D7004-4D5D-4385-9FF3-97E699DD4952}.Release|Windows-x86.ActiveCfg = Release|Any CPU
		{F90D7004-4D5D-4385-9FF3-97E699DD4952}.Release|Windows-x86.Build.0 = Release|Any CPU
		{E2DC7139-ECF2-4256-82D8-26EDFFEB72D6}.Debug|Android.ActiveCfg = Debug|Any CPU
		{E2DC7139-ECF2-4256-82D8-26EDFFEB72D6}.Debug|Android.Build.0 = Debug|Any CPU
		{E2DC7139-ECF2-4256-82D8-26EDFFEB72D6}.Debug|Any CPU.ActiveCfg = Debug|Any CPU
		{E2DC7139-ECF2-4256-82D8-26EDFFEB72D6}.Debug|Any CPU.Build.0 = Debug|Any CPU
		{E2DC7139-ECF2-4256-82D8-26EDFFEB72D6}.Debug|iOS.ActiveCfg = Debug|Any CPU
		{E2DC7139-ECF2-4256-82D8-26EDFFEB72D6}.Debug|iOS.Build.0 = Debug|Any CPU
		{E2DC7139-ECF2-4256-82D8-26EDFFEB72D6}.Debug|Windows-AnyCPU.ActiveCfg = Debug|Any CPU
		{E2DC7139-ECF2-4256-82D8-26EDFFEB72D6}.Debug|Windows-AnyCPU.Build.0 = Debug|Any CPU
		{E2DC7139-ECF2-4256-82D8-26EDFFEB72D6}.Debug|Windows-ARM.ActiveCfg = Debug|Any CPU
		{E2DC7139-ECF2-4256-82D8-26EDFFEB72D6}.Debug|Windows-ARM.Build.0 = Debug|Any CPU
		{E2DC7139-ECF2-4256-82D8-26EDFFEB72D6}.Debug|Windows-x64.ActiveCfg = Debug|Any CPU
		{E2DC7139-ECF2-4256-82D8-26EDFFEB72D6}.Debug|Windows-x64.Build.0 = Debug|Any CPU
		{E2DC7139-ECF2-4256-82D8-26EDFFEB72D6}.Debug|Windows-x86.ActiveCfg = Debug|Any CPU
		{E2DC7139-ECF2-4256-82D8-26EDFFEB72D6}.Debug|Windows-x86.Build.0 = Debug|Any CPU
		{E2DC7139-ECF2-4256-82D8-26EDFFEB72D6}.Release|Android.ActiveCfg = Release|Any CPU
		{E2DC7139-ECF2-4256-82D8-26EDFFEB72D6}.Release|Android.Build.0 = Release|Any CPU
		{E2DC7139-ECF2-4256-82D8-26EDFFEB72D6}.Release|Any CPU.ActiveCfg = Release|Any CPU
		{E2DC7139-ECF2-4256-82D8-26EDFFEB72D6}.Release|Any CPU.Build.0 = Release|Any CPU
		{E2DC7139-ECF2-4256-82D8-26EDFFEB72D6}.Release|iOS.ActiveCfg = Release|Any CPU
		{E2DC7139-ECF2-4256-82D8-26EDFFEB72D6}.Release|iOS.Build.0 = Release|Any CPU
		{E2DC7139-ECF2-4256-82D8-26EDFFEB72D6}.Release|Windows-AnyCPU.ActiveCfg = Release|Any CPU
		{E2DC7139-ECF2-4256-82D8-26EDFFEB72D6}.Release|Windows-AnyCPU.Build.0 = Release|Any CPU
		{E2DC7139-ECF2-4256-82D8-26EDFFEB72D6}.Release|Windows-ARM.ActiveCfg = Release|Any CPU
		{E2DC7139-ECF2-4256-82D8-26EDFFEB72D6}.Release|Windows-ARM.Build.0 = Release|Any CPU
		{E2DC7139-ECF2-4256-82D8-26EDFFEB72D6}.Release|Windows-x64.ActiveCfg = Release|Any CPU
		{E2DC7139-ECF2-4256-82D8-26EDFFEB72D6}.Release|Windows-x64.Build.0 = Release|Any CPU
		{E2DC7139-ECF2-4256-82D8-26EDFFEB72D6}.Release|Windows-x86.ActiveCfg = Release|Any CPU
		{E2DC7139-ECF2-4256-82D8-26EDFFEB72D6}.Release|Windows-x86.Build.0 = Release|Any CPU
		{0FA73FE0-6156-4FA5-BF53-74F2D24399C7}.Debug|Android.ActiveCfg = Debug|Any CPU
		{0FA73FE0-6156-4FA5-BF53-74F2D24399C7}.Debug|Android.Build.0 = Debug|Any CPU
		{0FA73FE0-6156-4FA5-BF53-74F2D24399C7}.Debug|Any CPU.ActiveCfg = Debug|Any CPU
		{0FA73FE0-6156-4FA5-BF53-74F2D24399C7}.Debug|Any CPU.Build.0 = Debug|Any CPU
		{0FA73FE0-6156-4FA5-BF53-74F2D24399C7}.Debug|iOS.ActiveCfg = Debug|Any CPU
		{0FA73FE0-6156-4FA5-BF53-74F2D24399C7}.Debug|iOS.Build.0 = Debug|Any CPU
		{0FA73FE0-6156-4FA5-BF53-74F2D24399C7}.Debug|Windows-AnyCPU.ActiveCfg = Debug|Any CPU
		{0FA73FE0-6156-4FA5-BF53-74F2D24399C7}.Debug|Windows-AnyCPU.Build.0 = Debug|Any CPU
		{0FA73FE0-6156-4FA5-BF53-74F2D24399C7}.Debug|Windows-ARM.ActiveCfg = Debug|Any CPU
		{0FA73FE0-6156-4FA5-BF53-74F2D24399C7}.Debug|Windows-ARM.Build.0 = Debug|Any CPU
		{0FA73FE0-6156-4FA5-BF53-74F2D24399C7}.Debug|Windows-x64.ActiveCfg = Debug|Any CPU
		{0FA73FE0-6156-4FA5-BF53-74F2D24399C7}.Debug|Windows-x64.Build.0 = Debug|Any CPU
		{0FA73FE0-6156-4FA5-BF53-74F2D24399C7}.Debug|Windows-x86.ActiveCfg = Debug|Any CPU
		{0FA73FE0-6156-4FA5-BF53-74F2D24399C7}.Debug|Windows-x86.Build.0 = Debug|Any CPU
		{0FA73FE0-6156-4FA5-BF53-74F2D24399C7}.Release|Android.ActiveCfg = Release|Any CPU
		{0FA73FE0-6156-4FA5-BF53-74F2D24399C7}.Release|Android.Build.0 = Release|Any CPU
		{0FA73FE0-6156-4FA5-BF53-74F2D24399C7}.Release|Any CPU.ActiveCfg = Release|Any CPU
		{0FA73FE0-6156-4FA5-BF53-74F2D24399C7}.Release|Any CPU.Build.0 = Release|Any CPU
		{0FA73FE0-6156-4FA5-BF53-74F2D24399C7}.Release|iOS.ActiveCfg = Release|Any CPU
		{0FA73FE0-6156-4FA5-BF53-74F2D24399C7}.Release|iOS.Build.0 = Release|Any CPU
		{0FA73FE0-6156-4FA5-BF53-74F2D24399C7}.Release|Windows-AnyCPU.ActiveCfg = Release|Any CPU
		{0FA73FE0-6156-4FA5-BF53-74F2D24399C7}.Release|Windows-AnyCPU.Build.0 = Release|Any CPU
		{0FA73FE0-6156-4FA5-BF53-74F2D24399C7}.Release|Windows-ARM.ActiveCfg = Release|Any CPU
		{0FA73FE0-6156-4FA5-BF53-74F2D24399C7}.Release|Windows-ARM.Build.0 = Release|Any CPU
		{0FA73FE0-6156-4FA5-BF53-74F2D24399C7}.Release|Windows-x64.ActiveCfg = Release|Any CPU
		{0FA73FE0-6156-4FA5-BF53-74F2D24399C7}.Release|Windows-x64.Build.0 = Release|Any CPU
		{0FA73FE0-6156-4FA5-BF53-74F2D24399C7}.Release|Windows-x86.ActiveCfg = Release|Any CPU
		{0FA73FE0-6156-4FA5-BF53-74F2D24399C7}.Release|Windows-x86.Build.0 = Release|Any CPU
		{3F5A9524-9B21-4A29-AB89-CBBA04148009}.Debug|Android.ActiveCfg = Debug|Any CPU
		{3F5A9524-9B21-4A29-AB89-CBBA04148009}.Debug|Android.Build.0 = Debug|Any CPU
		{3F5A9524-9B21-4A29-AB89-CBBA04148009}.Debug|Any CPU.ActiveCfg = Debug|Any CPU
		{3F5A9524-9B21-4A29-AB89-CBBA04148009}.Debug|Any CPU.Build.0 = Debug|Any CPU
		{3F5A9524-9B21-4A29-AB89-CBBA04148009}.Debug|iOS.ActiveCfg = Debug|Any CPU
		{3F5A9524-9B21-4A29-AB89-CBBA04148009}.Debug|iOS.Build.0 = Debug|Any CPU
		{3F5A9524-9B21-4A29-AB89-CBBA04148009}.Debug|Windows-AnyCPU.ActiveCfg = Debug|Any CPU
		{3F5A9524-9B21-4A29-AB89-CBBA04148009}.Debug|Windows-AnyCPU.Build.0 = Debug|Any CPU
		{3F5A9524-9B21-4A29-AB89-CBBA04148009}.Debug|Windows-ARM.ActiveCfg = Debug|Any CPU
		{3F5A9524-9B21-4A29-AB89-CBBA04148009}.Debug|Windows-ARM.Build.0 = Debug|Any CPU
		{3F5A9524-9B21-4A29-AB89-CBBA04148009}.Debug|Windows-x64.ActiveCfg = Debug|Any CPU
		{3F5A9524-9B21-4A29-AB89-CBBA04148009}.Debug|Windows-x64.Build.0 = Debug|Any CPU
		{3F5A9524-9B21-4A29-AB89-CBBA04148009}.Debug|Windows-x86.ActiveCfg = Debug|Any CPU
		{3F5A9524-9B21-4A29-AB89-CBBA04148009}.Debug|Windows-x86.Build.0 = Debug|Any CPU
		{3F5A9524-9B21-4A29-AB89-CBBA04148009}.Release|Android.ActiveCfg = Release|Any CPU
		{3F5A9524-9B21-4A29-AB89-CBBA04148009}.Release|Android.Build.0 = Release|Any CPU
		{3F5A9524-9B21-4A29-AB89-CBBA04148009}.Release|Any CPU.ActiveCfg = Release|Any CPU
		{3F5A9524-9B21-4A29-AB89-CBBA04148009}.Release|Any CPU.Build.0 = Release|Any CPU
		{3F5A9524-9B21-4A29-AB89-CBBA04148009}.Release|iOS.ActiveCfg = Release|Any CPU
		{3F5A9524-9B21-4A29-AB89-CBBA04148009}.Release|iOS.Build.0 = Release|Any CPU
		{3F5A9524-9B21-4A29-AB89-CBBA04148009}.Release|Windows-AnyCPU.ActiveCfg = Release|Any CPU
		{3F5A9524-9B21-4A29-AB89-CBBA04148009}.Release|Windows-AnyCPU.Build.0 = Release|Any CPU
		{3F5A9524-9B21-4A29-AB89-CBBA04148009}.Release|Windows-ARM.ActiveCfg = Release|Any CPU
		{3F5A9524-9B21-4A29-AB89-CBBA04148009}.Release|Windows-ARM.Build.0 = Release|Any CPU
		{3F5A9524-9B21-4A29-AB89-CBBA04148009}.Release|Windows-x64.ActiveCfg = Release|Any CPU
		{3F5A9524-9B21-4A29-AB89-CBBA04148009}.Release|Windows-x64.Build.0 = Release|Any CPU
		{3F5A9524-9B21-4A29-AB89-CBBA04148009}.Release|Windows-x86.ActiveCfg = Release|Any CPU
		{3F5A9524-9B21-4A29-AB89-CBBA04148009}.Release|Windows-x86.Build.0 = Release|Any CPU
	EndGlobalSection
	GlobalSection(SolutionProperties) = preSolution
		HideSolutionNode = FALSE
	EndGlobalSection
	GlobalSection(ExtensibilityGlobals) = postSolution
		SolutionGuid = {348397DB-3660-4D5C-A78C-57CB9704E9A2}
	EndGlobalSection
EndGlobal
